
Microsoft Visual Studio Solution File, Format Version 12.00
# Visual Studio Version 16
VisualStudioVersion = 16.0.29905.134
MinimumVisualStudioVersion = 10.0.40219.1
Project("{888888A0-9F3D-457C-B088-3A5042F75D52}") = "BasicaTest-Python-Django", "BasicaTest-Python-Django\BasicaTest-Python-Django.pyproj", "{434026E6-D840-4584-AD64-F69F5AD5B6C0}"
EndProject
Global
	GlobalSection(SolutionConfigurationPlatforms) = preSolution
		Debug|Any CPU = Debug|Any CPU
		Release|Any CPU = Release|Any CPU
	EndGlobalSection
	GlobalSection(ProjectConfigurationPlatforms) = postSolution
		{434026E6-D840-4584-AD64-F69F5AD5B6C0}.Debug|Any CPU.ActiveCfg = Debug|Any CPU
		{434026E6-D840-4584-AD64-F69F5AD5B6C0}.Debug|Any CPU.Build.0 = Debug|Any CPU
		{434026E6-D840-4584-AD64-F69F5AD5B6C0}.Release|Any CPU.ActiveCfg = Release|Any CPU
		{434026E6-D840-4584-AD64-F69F5AD5B6C0}.Release|Any CPU.Build.0 = Release|Any CPU
	EndGlobalSection
	GlobalSection(SolutionProperties) = preSolution
		HideSolutionNode = FALSE
	EndGlobalSection
	GlobalSection(ExtensibilityGlobals) = postSolution
		SolutionGuid = {028DAE03-0BFF-4344-90DF-F1E733791EC9}
	EndGlobalSection
EndGlobal
